{
  "version": "5",
  "specifiers": {
    "jsr:@hono/hono@4": "4.11.7"
  },
  "jsr": {
    "@hono/hono@4.11.7": {
      "integrity": "2a0dc00088fbef98b76f575e3c4ab3d2c770d5e6095be215ae05c2aef25b363a"
    }
  },
  "workspace": {
    "dependencies": [
      "jsr:@hono/hono@4",
      "jsr:@std/assert@1"
    ]
  }
}
