<?xml version="1.0" encoding="utf-8"?>
<Project ToolsVersion="4.0" xmlns="http://schemas.microsoft.com/developer/msbuild/2003">
  <ItemGroup>
    <Filter Include="Source Files">
      <UniqueIdentifier>{0a302679-6dc8-42dc-ab35-288ddddc3ec3}</UniqueIdentifier>
      <Extensions>cpp;c;cxx;rc;def;r;odl;idl;hpj;bat</Extensions>
    </Filter>
    <Filter Include="Header Files">
      <UniqueIdentifier>{54c33c50-53a7-40d3-ac6e-b21773b18c9b}</UniqueIdentifier>
      <Extensions>h;hpp;hxx;hm;inl</Extensions>
    </Filter>
    <Filter Include="Resource Files">
      <UniqueIdentifier>{55e53097-f2ff-4429-8bfb-741695700eb7}</UniqueIdentifier>
      <Extensions>ico;cur;bmp;dlg;rc2;rct;bin;rgs;gif;jpg;jpeg;jpe</Extensions>
    </Filter>
  </ItemGroup>
  <ItemGroup>
    <ClCompile Include="board_control.cpp">
      <Filter>Source Files</Filter>
    </ClCompile>
    <ClCompile Include="BoardSettings.cpp">
      <Filter>Source Files</Filter>
    </ClCompile>
    <ClCompile Include="CalibrationAmp.cpp">
      <Filter>Source Files</Filter>
    </ClCompile>
    <ClCompile Include="CalibrationFactor.cpp">
      <Filter>Source Files</Filter>
    </ClCompile>
    <ClCompile Include="ControlConfig.cpp">
      <Filter>Source Files</Filter>
    </ClCompile>
    <ClCompile Include="Control_File.cpp">
      <Filter>Source Files</Filter>
    </ClCompile>
    <ClCompile Include="Control_Sensitivity.cpp">
      <Filter>Source Files</Filter>
    </ClCompile>
    <ClCompile Include="DA_Channel.cpp">
      <Filter>Source Files</Filter>
    </ClCompile>
    <ClCompile Include="DA_Pout.cpp">
      <Filter>Source Files</Filter>
    </ClCompile>
    <ClCompile Include="DA_Vout.cpp">
      <Filter>Source Files</Filter>
    </ClCompile>
    <ClCompile Include="AppInfoDlg.cpp">
      <Filter>Source Files</Filter>
    </ClCompile>
    <ClCompile Include="DigitShowBasic.cpp">
      <Filter>Source Files</Filter>
    </ClCompile>
    <ClCompile Include="DigitShowBasicDoc.cpp">
      <Filter>Source Files</Filter>
    </ClCompile>
    <ClCompile Include="DigitShowBasicView.cpp">
      <Filter>Source Files</Filter>
    </ClCompile>
    <ClCompile Include="MainFrm.cpp">
      <Filter>Source Files</Filter>
    </ClCompile>
    <ClCompile Include="SamplingSettings.cpp">
      <Filter>Source Files</Filter>
    </ClCompile>
    <ClCompile Include="StdAfx.cpp">
      <Filter>Source Files</Filter>
    </ClCompile>
    <ClCompile Include="TransAdjustment.cpp">
      <Filter>Source Files</Filter>
    </ClCompile>
  </ItemGroup>
  <ItemGroup>
    <ResourceCompile Include="DigitShowBasic.rc">
      <Filter>Source Files</Filter>
    </ResourceCompile>
  </ItemGroup>
  <ItemGroup>
    <ClInclude Include="board_control.hpp">
      <Filter>Header Files</Filter>
    </ClInclude>
    <ClInclude Include="BoardSettings.h">
      <Filter>Header Files</Filter>
    </ClInclude>
    <ClInclude Include="CalibrationAmp.h">
      <Filter>Header Files</Filter>
    </ClInclude>
    <ClInclude Include="CalibrationFactor.h">
      <Filter>Header Files</Filter>
    </ClInclude>
    <ClInclude Include="ControlConfig.h">
      <Filter>Header Files</Filter>
    </ClInclude>
    <ClInclude Include="control\params.hpp">
      <Filter>Header Files</Filter>
    </ClInclude>
    <ClInclude Include="Control_File.h">
      <Filter>Header Files</Filter>
    </ClInclude>
    <ClInclude Include="Control_Sensitivity.h">
      <Filter>Header Files</Filter>
    </ClInclude>
    <ClInclude Include="DA_Channel.h">
      <Filter>Header Files</Filter>
    </ClInclude>
    <ClInclude Include="DA_Pout.h">
      <Filter>Header Files</Filter>
    </ClInclude>
    <ClInclude Include="DA_Vout.h">
      <Filter>Header Files</Filter>
    </ClInclude>
    <ClInclude Include="AppInfoDlg.h">
      <Filter>Header Files</Filter>
    </ClInclude>
    <ClInclude Include="DigitShowBasic.h">
      <Filter>Header Files</Filter>
    </ClInclude>
    <ClInclude Include="DigitShowBasicDoc.h">
      <Filter>Header Files</Filter>
    </ClInclude>
    <ClInclude Include="DigitShowBasicView.h">
      <Filter>Header Files</Filter>
    </ClInclude>
    <ClInclude Include="MainFrm.h">
      <Filter>Header Files</Filter>
    </ClInclude>
    <ClInclude Include="Resource.h">
      <Filter>Header Files</Filter>
    </ClInclude>
    <ClInclude Include="SamplingSettings.h">
      <Filter>Header Files</Filter>
    </ClInclude>
    <ClInclude Include="StdAfx.h">
      <Filter>Header Files</Filter>
    </ClInclude>
    <ClInclude Include="TransAdjustment.h">
      <Filter>Header Files</Filter>
    </ClInclude>
  </ItemGroup>
  <ItemGroup>
    <Image Include="res\DigitShowBasic.ico">
      <Filter>Resource Files</Filter>
    </Image>
    <Image Include="res\DigitShowBasicDoc.ico">
      <Filter>Resource Files</Filter>
    </Image>
  </ItemGroup>
  <ItemGroup>
    <CustomBuild Include="res\DigitShowBasic.rc2">
      <Filter>Resource Files</Filter>
    </CustomBuild>
  </ItemGroup>
</Project>